# This file was autogenerated by Stack.
# You should not edit this file by hand.
# For more information, please see the documentation at:
#   https://docs.haskellstack.org/en/stable/lock_files

packages:
- completed:
    hackage: aeson-2.0.2.0@sha256:5720fffb7289366029f2b7940e9f8b22a1b4c282f0cef4710685b1d14d76bdc7,6327
    pantry-tree:
      size: 37910
      sha256: 6de8e70acd5ed455ac33d7496e8dbf994067f1f845dd420e7256623b2a8dee8b
  original:
    hackage: aeson-2.0.2.0
- completed:
    hackage: OneTuple-0.3.1@sha256:c4c1f2971fd41c964a1bbe433adeed4cad9d0f99d67430ff5e1be5a7d7ab2ca3,2240
    pantry-tree:
      size: 506
      sha256: 7678e4fbd592b26bb241e56171f400a62f73bc1de8a7706fcc2fbce2a5ba9c20
  original:
    hackage: OneTuple-0.3.1@sha256:c4c1f2971fd41c964a1bbe433adeed4cad9d0f99d67430ff5e1be5a7d7ab2ca3,2240
- completed:
    hackage: hashable-1.3.5.0@sha256:47d1232d9788bb909cfbd80618de18dcdfb925609593e202912bd5841db138c1,4193
    pantry-tree:
      size: 1248
      sha256: adde5ecc080faa094750544837937cf876e65bf5bf28d81db22e7401faa46bf3
  original:
    hackage: hashable-1.3.5.0@sha256:47d1232d9788bb909cfbd80618de18dcdfb925609593e202912bd5841db138c1,4193
- completed:
    hackage: semialign-1.2.0.1@sha256:5efc30d6f53f8d2a8a26d9bf3a57c0f20f4ba3086797ccaa615f644abc21d42e,2814
    pantry-tree:
      size: 537
      sha256: 061a65f6c4355cc852cbfb0b4ad875814acf8f35edc7cefa4bf5b3e2c9b63e33
  original:
    hackage: semialign-1.2.0.1@sha256:5efc30d6f53f8d2a8a26d9bf3a57c0f20f4ba3086797ccaa615f644abc21d42e,2814
- completed:
    hackage: text-short-0.1.4@sha256:4f7a76e78baf391d262883007e8f8d8fb23a2805d56d9725d6abdf1428542e11,3575
    pantry-tree:
      size: 727
      sha256: aa1040a3846f49461a4345e96f1a7d8367f00657f248c52cb7b76cb162dc8b10
  original:
    hackage: text-short-0.1.4@sha256:4f7a76e78baf391d262883007e8f8d8fb23a2805d56d9725d6abdf1428542e11,3575
- completed:
    hackage: time-compat-1.9.6.1@sha256:381a2e8ed6e41d20ff5929d12d25c1d9337d459de5964ef1d90b06d115b31f07,5033
    pantry-tree:
      size: 4113
      sha256: dd54303f712dd2b8dc05942061921b0d06e0bd501b42c965a9ac6a0a37cd3128
  original:
    hackage: time-compat-1.9.6.1@sha256:381a2e8ed6e41d20ff5929d12d25c1d9337d459de5964ef1d90b06d115b31f07,5033
- completed:
    hackage: base-orphans-0.8.6@sha256:eb6758d0160d607e0c45dbd6b196f515b9a589fd4f6d2f926929dd5d56282d37,3175
    pantry-tree:
      size: 1272
      sha256: f889d6903383305688e6e703982bfdc985649b7d4538429e44f98f99d8f73c07
  original:
    hackage: base-orphans-0.8.6@sha256:eb6758d0160d607e0c45dbd6b196f515b9a589fd4f6d2f926929dd5d56282d37,3175
snapshots:
- completed:
    size: 587546
    url: https://raw.githubusercontent.com/commercialhaskell/stackage-snapshots/master/lts/18/10.yaml
    sha256: 88b4f81e162ba3adc230a9fcccc4d19ac116377656bab56c7382ca88598b257a
  original:
    url: https://raw.githubusercontent.com/commercialhaskell/stackage-snapshots/master/lts/18/10.yaml
